
Microsoft Visual Studio Solution File, Format Version 12.00
# Visual Studio Version 16
VisualStudioVersion = 16.0.30517.126
MinimumVisualStudioVersion = 10.0.40219.1
Project("{8BC9CEB8-8B4A-11D0-8D11-00A0C91BC942}") = "Programming Project 3 - Customer Service Line", "Programming Project 3 - Customer Service Line.vcxproj", "{3F721B09-A68A-45BD-A142-2D682E11C4AE}"
EndProject
Global
	GlobalSection(SolutionConfigurationPlatforms) = preSolution
		Debug|x64 = Debug|x64
		Debug|x86 = Debug|x86
		Release|x64 = Release|x64
		Release|x86 = Release|x86
	EndGlobalSection
	GlobalSection(ProjectConfigurationPlatforms) = postSolution
		{3F721B09-A68A-45BD-A142-2D682E11C4AE}.Debug|x64.ActiveCfg = Debug|x64
		{3F721B09-A68A-45BD-A142-2D682E11C4AE}.Debug|x64.Build.0 = Debug|x64
		{3F721B09-A68A-45BD-A142-2D682E11C4AE}.Debug|x86.ActiveCfg = Debug|Win32
		{3F721B09-A68A-45BD-A142-2D682E11C4AE}.Debug|x86.Build.0 = Debug|Win32
		{3F721B09-A68A-45BD-A142-2D682E11C4AE}.Release|x64.ActiveCfg = Release|x64
		{3F721B09-A68A-45BD-A142-2D682E11C4AE}.Release|x64.Build.0 = Release|x64
		{3F721B09-A68A-45BD-A142-2D682E11C4AE}.Release|x86.ActiveCfg = Release|Win32
		{3F721B09-A68A-45BD-A142-2D682E11C4AE}.Release|x86.Build.0 = Release|Win32
	EndGlobalSection
	GlobalSection(SolutionProperties) = preSolution
		HideSolutionNode = FALSE
	EndGlobalSection
	GlobalSection(ExtensibilityGlobals) = postSolution
		SolutionGuid = {018C084B-3A37-4DBE-912D-4384552051DB}
	EndGlobalSection
EndGlobal
